<?xml version="1.0" encoding="utf-8"?>
<Project ToolsVersion="17.0" xmlns="http://schemas.microsoft.com/developer/msbuild/2003">
  <ItemGroup>
    <ClCompile Include="C:\Users\КристинаКюркчиева\source\repos\hw1-template\src\application.cpp">
      <Filter>Source Files</Filter>
    </ClCompile>
  </ItemGroup>
  <ItemGroup>
    <CustomBuild Include="C:\Users\КристинаКюркчиева\source\repos\hw1-template\CMakeLists.txt" />
  </ItemGroup>
  <ItemGroup>
    <Filter Include="Source Files">
      <UniqueIdentifier>{32371B32-8F2D-3B81-8C55-A631929E0720}</UniqueIdentifier>
    </Filter>
  </ItemGroup>
</Project>
