<?xml version="1.0" encoding="utf-8"?>
<Project ToolsVersion="17.0" xmlns="http://schemas.microsoft.com/developer/msbuild/2003">
  <ItemGroup>
    <CustomBuild Include="C:\Users\КристинаКюркчиева\source\repos\hw1-template\CMakeFiles\3d2cf00ba7c57b275ad3a317ca4225ee\Nightly.rule">
      <Filter>CMake Rules</Filter>
    </CustomBuild>
    <CustomBuild Include="C:\Users\КристинаКюркчиева\source\repos\hw1-template\CMakeLists.txt" />
  </ItemGroup>
  <ItemGroup>
    <None Include="C:\Users\КристинаКюркчиева\source\repos\hw1-template\CMakeFiles\Nightly" />
  </ItemGroup>
  <ItemGroup>
    <Filter Include="CMake Rules">
      <UniqueIdentifier>{17C66CE3-9088-371F-AFA0-B8494A5A44BC}</UniqueIdentifier>
    </Filter>
  </ItemGroup>
</Project>
