<?xml version="1.0" encoding="utf-8"?>
<Project ToolsVersion="17.0" xmlns="http://schemas.microsoft.com/developer/msbuild/2003">
  <ItemGroup>
    <ClCompile Include="C:\Users\КристинаКюркчиева\source\repos\hw1-template\src\solution.cpp">
      <Filter>Source Files</Filter>
    </ClCompile>
  </ItemGroup>
  <ItemGroup>
    <ClInclude Include="C:\Users\КристинаКюркчиева\source\repos\hw1-template\src\solution.h">
      <Filter>Header Files</Filter>
    </ClInclude>
  </ItemGroup>
  <ItemGroup>
    <CustomBuild Include="C:\Users\КристинаКюркчиева\source\repos\hw1-template\CMakeLists.txt" />
  </ItemGroup>
  <ItemGroup>
    <Filter Include="Header Files">
      <UniqueIdentifier>{238D8848-E0D3-3D67-A22C-0740334405DE}</UniqueIdentifier>
    </Filter>
    <Filter Include="Source Files">
      <UniqueIdentifier>{32371B32-8F2D-3B81-8C55-A631929E0720}</UniqueIdentifier>
    </Filter>
  </ItemGroup>
</Project>
